
Microsoft Visual Studio Solution File, Format Version 12.00
# Visual Studio Version 17
VisualStudioVersion = 17.0.31903.59
MinimumVisualStudioVersion = 10.0.40219.1
Project("{2150E333-8FDC-42A3-9474-1A3956D46DE8}") = "src", "src", "{827E0CD3-B72D-47B6-A68D-7590B98EB39B}"
EndProject
Project("{FAE04EC0-301F-11D3-BF4B-00C04F79EFBC}") = "GameplayEffects.Core", "src\GameplayEffects.Core\GameplayEffects.Core.csproj", "{11427C68-A000-44C8-B980-14E6C06B32A6}"
EndProject
Project("{FAE04EC0-301F-11D3-BF4B-00C04F79EFBC}") = "GameplayEffects.Cli", "src\GameplayEffects.Cli\GameplayEffects.Cli.csproj", "{DD913FDD-513B-4138-9FE9-FF94492E1ED3}"
EndProject
Project("{2150E333-8FDC-42A3-9474-1A3956D46DE8}") = "tests", "tests", "{0AB3BF05-4346-4AA6-1389-037BE0695223}"
EndProject
Project("{FAE04EC0-301F-11D3-BF4B-00C04F79EFBC}") = "GameplayEffects.Core.Tests", "tests\GameplayEffects.Core.Tests\GameplayEffects.Core.Tests.csproj", "{98B64F3E-94D3-49B2-ADBA-294CA7289E6C}"
EndProject
Project("{FAE04EC0-301F-11D3-BF4B-00C04F79EFBC}") = "GameplayEffects.Godot.Tests", "tests\GameplayEffects.Godot.Tests\GameplayEffects.Godot.Tests.csproj", "{BD7F8916-E16F-4D19-AA73-E18986C0CA73}"
EndProject
Global
	GlobalSection(SolutionConfigurationPlatforms) = preSolution
		Debug|Any CPU = Debug|Any CPU
		Debug|x64 = Debug|x64
		Debug|x86 = Debug|x86
		Release|Any CPU = Release|Any CPU
		Release|x64 = Release|x64
		Release|x86 = Release|x86
	EndGlobalSection
	GlobalSection(ProjectConfigurationPlatforms) = postSolution
		{11427C68-A000-44C8-B980-14E6C06B32A6}.Debug|Any CPU.ActiveCfg = Debug|Any CPU
		{11427C68-A000-44C8-B980-14E6C06B32A6}.Debug|Any CPU.Build.0 = Debug|Any CPU
		{11427C68-A000-44C8-B980-14E6C06B32A6}.Debug|x64.ActiveCfg = Debug|Any CPU
		{11427C68-A000-44C8-B980-14E6C06B32A6}.Debug|x64.Build.0 = Debug|Any CPU
		{11427C68-A000-44C8-B980-14E6C06B32A6}.Debug|x86.ActiveCfg = Debug|Any CPU
		{11427C68-A000-44C8-B980-14E6C06B32A6}.Debug|x86.Build.0 = Debug|Any CPU
		{11427C68-A000-44C8-B980-14E6C06B32A6}.Release|Any CPU.ActiveCfg = Release|Any CPU
		{11427C68-A000-44C8-B980-14E6C06B32A6}.Release|Any CPU.Build.0 = Release|Any CPU
		{11427C68-A000-44C8-B980-14E6C06B32A6}.Release|x64.ActiveCfg = Release|Any CPU
		{11427C68-A000-44C8-B980-14E6C06B32A6}.Release|x64.Build.0 = Release|Any CPU
		{11427C68-A000-44C8-B980-14E6C06B32A6}.Release|x86.ActiveCfg = Release|Any CPU
		{11427C68-A000-44C8-B980-14E6C06B32A6}.Release|x86.Build.0 = Release|Any CPU
		{DD913FDD-513B-4138-9FE9-FF94492E1ED3}.Debug|Any CPU.ActiveCfg = Debug|Any CPU
		{DD913FDD-513B-4138-9FE9-FF94492E1ED3}.Debug|Any CPU.Build.0 = Debug|Any CPU
		{DD913FDD-513B-4138-9FE9-FF94492E1ED3}.Debug|x64.ActiveCfg = Debug|Any CPU
		{DD913FDD-513B-4138-9FE9-FF94492E1ED3}.Debug|x64.Build.0 = Debug|Any CPU
		{DD913FDD-513B-4138-9FE9-FF94492E1ED3}.Debug|x86.ActiveCfg = Debug|Any CPU
		{DD913FDD-513B-4138-9FE9-FF94492E1ED3}.Debug|x86.Build.0 = Debug|Any CPU
		{DD913FDD-513B-4138-9FE9-FF94492E1ED3}.Release|Any CPU.ActiveCfg = Release|Any CPU
		{DD913FDD-513B-4138-9FE9-FF94492E1ED3}.Release|Any CPU.Build.0 = Release|Any CPU
		{DD913FDD-513B-4138-9FE9-FF94492E1ED3}.Release|x64.ActiveCfg = Release|Any CPU
		{DD913FDD-513B-4138-9FE9-FF94492E1ED3}.Release|x64.Build.0 = Release|Any CPU
		{DD913FDD-513B-4138-9FE9-FF94492E1ED3}.Release|x86.ActiveCfg = Release|Any CPU
		{DD913FDD-513B-4138-9FE9-FF94492E1ED3}.Release|x86.Build.0 = Release|Any CPU
		{98B64F3E-94D3-49B2-ADBA-294CA7289E6C}.Debug|Any CPU.ActiveCfg = Debug|Any CPU
		{98B64F3E-94D3-49B2-ADBA-294CA7289E6C}.Debug|Any CPU.Build.0 = Debug|Any CPU
		{98B64F3E-94D3-49B2-ADBA-294CA7289E6C}.Debug|x64.ActiveCfg = Debug|Any CPU
		{98B64F3E-94D3-49B2-ADBA-294CA7289E6C}.Debug|x64.Build.0 = Debug|Any CPU
		{98B64F3E-94D3-49B2-ADBA-294CA7289E6C}.Debug|x86.ActiveCfg = Debug|Any CPU
		{98B64F3E-94D3-49B2-ADBA-294CA7289E6C}.Debug|x86.Build.0 = Debug|Any CPU
		{98B64F3E-94D3-49B2-ADBA-294CA7289E6C}.Release|Any CPU.ActiveCfg = Release|Any CPU
		{98B64F3E-94D3-49B2-ADBA-294CA7289E6C}.Release|Any CPU.Build.0 = Release|Any CPU
		{98B64F3E-94D3-49B2-ADBA-294CA7289E6C}.Release|x64.ActiveCfg = Release|Any CPU
		{98B64F3E-94D3-49B2-ADBA-294CA7289E6C}.Release|x64.Build.0 = Release|Any CPU
		{98B64F3E-94D3-49B2-ADBA-294CA7289E6C}.Release|x86.ActiveCfg = Release|Any CPU
		{98B64F3E-94D3-49B2-ADBA-294CA7289E6C}.Release|x86.Build.0 = Release|Any CPU
		{BD7F8916-E16F-4D19-AA73-E18986C0CA73}.Debug|Any CPU.ActiveCfg = Debug|Any CPU
		{BD7F8916-E16F-4D19-AA73-E18986C0CA73}.Debug|Any CPU.Build.0 = Debug|Any CPU
		{BD7F8916-E16F-4D19-AA73-E18986C0CA73}.Debug|x64.ActiveCfg = Debug|Any CPU
		{BD7F8916-E16F-4D19-AA73-E18986C0CA73}.Debug|x64.Build.0 = Debug|Any CPU
		{BD7F8916-E16F-4D19-AA73-E18986C0CA73}.Debug|x86.ActiveCfg = Debug|Any CPU
		{BD7F8916-E16F-4D19-AA73-E18986C0CA73}.Debug|x86.Build.0 = Debug|Any CPU
		{BD7F8916-E16F-4D19-AA73-E18986C0CA73}.Release|Any CPU.ActiveCfg = Release|Any CPU
		{BD7F8916-E16F-4D19-AA73-E18986C0CA73}.Release|Any CPU.Build.0 = Release|Any CPU
		{BD7F8916-E16F-4D19-AA73-E18986C0CA73}.Release|x64.ActiveCfg = Release|Any CPU
		{BD7F8916-E16F-4D19-AA73-E18986C0CA73}.Release|x64.Build.0 = Release|Any CPU
		{BD7F8916-E16F-4D19-AA73-E18986C0CA73}.Release|x86.ActiveCfg = Release|Any CPU
		{BD7F8916-E16F-4D19-AA73-E18986C0CA73}.Release|x86.Build.0 = Release|Any CPU
	EndGlobalSection
	GlobalSection(SolutionProperties) = preSolution
		HideSolutionNode = FALSE
	EndGlobalSection
	GlobalSection(NestedProjects) = preSolution
		{11427C68-A000-44C8-B980-14E6C06B32A6} = {827E0CD3-B72D-47B6-A68D-7590B98EB39B}
		{DD913FDD-513B-4138-9FE9-FF94492E1ED3} = {827E0CD3-B72D-47B6-A68D-7590B98EB39B}
		{98B64F3E-94D3-49B2-ADBA-294CA7289E6C} = {0AB3BF05-4346-4AA6-1389-037BE0695223}
		{BD7F8916-E16F-4D19-AA73-E18986C0CA73} = {0AB3BF05-4346-4AA6-1389-037BE0695223}
	EndGlobalSection
EndGlobal
